# THIS IS AN AUTOGENERATED FILE. DO NOT EDIT THIS FILE DIRECTLY.
# yarn lockfile v1


react-script@^2.0.5:
  version "2.0.5"
  resolved "https://registry.yarnpkg.com/react-script/-/react-script-2.0.5.tgz#9dac20f97cff1fb40f5b4084e3f44b82e3001572"
  integrity sha512-hLFLMFAH3Rr0VJisBz/bPyaJxMEimQGvuVOBXyn3t/nmlbV6mF+nghCPoY1V4dzIi+M1A8iyyXId1cgg8eS6XA==
